{
  "name": "desafio-usuarios-brunohrx",
  "lockfileVersion": 3,
  "requires": true,
  "packages": {
    "": {
      "dependencies": {
        "@aurelia/dialog": "^2.0.0-beta.25"
      }
    },
    "node_modules/@aurelia/dialog": {
      "version": "2.0.0-beta.25",
      "resolved": "https://registry.npmjs.org/@aurelia/dialog/-/dialog-2.0.0-beta.25.tgz",
      "integrity": "sha512-5TcDSqRgnDSS43tccKQTjBjvoBqce6uJFNUgtyC/wpkiL3EOT2gcnyl23kHwZ4MfLSC46phJ7DQ3jvRbprX9Hw==",
      "license": "MIT",
      "dependencies": {
        "@aurelia/kernel": "2.0.0-beta.25",
        "@aurelia/metadata": "2.0.0-beta.25",
        "@aurelia/platform-browser": "2.0.0-beta.25",
        "@aurelia/runtime": "2.0.0-beta.25",
        "@aurelia/runtime-html": "2.0.0-beta.25"
      },
      "engines": {
        "node": ">=20.16.0"
      }
    },
    "node_modules/@aurelia/expression-parser": {
      "version": "2.0.0-beta.25",
      "resolved": "https://registry.npmjs.org/@aurelia/expression-parser/-/expression-parser-2.0.0-beta.25.tgz",
      "integrity": "sha512-aIbXxC+jBjeoNX/Pshrj/RYBFDx03YK5MEBG/DAYZUy9GKFguAMNpWGGj4hbtDncZetKtuDAK8sOPMffaF4Tyg==",
      "license": "MIT",
      "dependencies": {
        "@aurelia/kernel": "2.0.0-beta.25"
      },
      "engines": {
        "node": ">=20.16.0"
      }
    },
    "node_modules/@aurelia/kernel": {
      "version": "2.0.0-beta.25",
      "resolved": "https://registry.npmjs.org/@aurelia/kernel/-/kernel-2.0.0-beta.25.tgz",
      "integrity": "sha512-U8I/FH4RJOkXe2igTy4G6U34aSdDLa43f4C+z4IU4jvgVpJTyu9+B92n/tUI7TtE+lOly8sbi7GQbgaPP9lntw==",
      "license": "MIT",
      "dependencies": {
        "@aurelia/metadata": "2.0.0-beta.25",
        "@aurelia/platform": "2.0.0-beta.25"
      },
      "engines": {
        "node": ">=20.16.0"
      }
    },
    "node_modules/@aurelia/metadata": {
      "version": "2.0.0-beta.25",
      "resolved": "https://registry.npmjs.org/@aurelia/metadata/-/metadata-2.0.0-beta.25.tgz",
      "integrity": "sha512-N/TihhPtbM/2FbcOGkCuCOpTjRyQTz7Z3GyNkJGxiIgTdMnzrpslwoC3GT/Qeh3lP28zR96jfAbAOlSyy8wY6g==",
      "license": "MIT",
      "engines": {
        "node": ">=20.16.0"
      }
    },
    "node_modules/@aurelia/platform": {
      "version": "2.0.0-beta.25",
      "resolved": "https://registry.npmjs.org/@aurelia/platform/-/platform-2.0.0-beta.25.tgz",
      "integrity": "sha512-dE8Uk9oX5rjhhFgwEqV/NTUOrVrWaYHIv4MQFxiiDqEpTLyMLQDykVk+Q0sxqeIIw8xWw0XNQUs9NNExEcntjw==",
      "license": "MIT",
      "engines": {
        "node": ">=20.16.0"
      }
    },
    "node_modules/@aurelia/platform-browser": {
      "version": "2.0.0-beta.25",
      "resolved": "https://registry.npmjs.org/@aurelia/platform-browser/-/platform-browser-2.0.0-beta.25.tgz",
      "integrity": "sha512-V9s7/kHB5yLI3P8a5la/0Y/p2h938HAHQ28eJTYwaSLC88y0ZktmG5MUS/uzORCjpANFxK1JrKfpI+v3kGfdZQ==",
      "license": "MIT",
      "dependencies": {
        "@aurelia/platform": "2.0.0-beta.25"
      },
      "engines": {
        "node": ">=20.16.0"
      }
    },
    "node_modules/@aurelia/runtime": {
      "version": "2.0.0-beta.25",
      "resolved": "https://registry.npmjs.org/@aurelia/runtime/-/runtime-2.0.0-beta.25.tgz",
      "integrity": "sha512-geRbXQYBt/IBgVJgvfmbvw9+vOHbtiP8hlnN58jz9/U5nFX3G+UHukOOEraLUk4Jt7OA90bOTfLDIw6JtPLkzQ==",
      "license": "MIT",
      "dependencies": {
        "@aurelia/expression-parser": "2.0.0-beta.25",
        "@aurelia/kernel": "2.0.0-beta.25",
        "@aurelia/metadata": "2.0.0-beta.25",
        "@aurelia/platform": "2.0.0-beta.25"
      },
      "engines": {
        "node": ">=20.16.0"
      }
    },
    "node_modules/@aurelia/runtime-html": {
      "version": "2.0.0-beta.25",
      "resolved": "https://registry.npmjs.org/@aurelia/runtime-html/-/runtime-html-2.0.0-beta.25.tgz",
      "integrity": "sha512-hKIGPCLd+o8osMq2lfD1xOu6qxdfjVM3D6nAu7oWLvMCPVUY0cNTv4fPSDXO9ZsSUWcsSyqeHgchpqNP9/g3Tg==",
      "license": "MIT",
      "dependencies": {
        "@aurelia/expression-parser": "2.0.0-beta.25",
        "@aurelia/kernel": "2.0.0-beta.25",
        "@aurelia/metadata": "2.0.0-beta.25",
        "@aurelia/platform": "2.0.0-beta.25",
        "@aurelia/platform-browser": "2.0.0-beta.25",
        "@aurelia/runtime": "2.0.0-beta.25",
        "@aurelia/template-compiler": "2.0.0-beta.25"
      },
      "engines": {
        "node": ">=20.16.0"
      }
    },
    "node_modules/@aurelia/template-compiler": {
      "version": "2.0.0-beta.25",
      "resolved": "https://registry.npmjs.org/@aurelia/template-compiler/-/template-compiler-2.0.0-beta.25.tgz",
      "integrity": "sha512-IfgKKtduYt3VbGRDdzvKdA3RqHWQ7l3y0kp0IpS0OQGL0PYFD3xN/mCiHtjaonFs+siJf9C+LvoGhFkfGA6vPg==",
      "license": "MIT",
      "dependencies": {
        "@aurelia/expression-parser": "2.0.0-beta.25",
        "@aurelia/kernel": "2.0.0-beta.25",
        "@aurelia/metadata": "2.0.0-beta.25"
      },
      "engines": {
        "node": ">=20.16.0"
      }
    }
  }
}
